
Microsoft Visual Studio Solution File, Format Version 12.00
# Visual Studio Version 16
VisualStudioVersion = 16.0.29009.5
MinimumVisualStudioVersion = 10.0.40219.1
Project("{FAE04EC0-301F-11D3-BF4B-00C04F79EFBC}") = "DCS_Mod_Sync_App", "DCS_Mod_Sync_App\DCS_Mod_Sync_App.csproj", "{57F2C322-4B54-49C0-BE39-EA4E10111B50}"
EndProject
Project("{FAE04EC0-301F-11D3-BF4B-00C04F79EFBC}") = "libDCS_Mod_app", "libDCS_Mod_app\libDCS_Mod_app.csproj", "{63CB16F6-AE63-4543-A20A-804537659682}"
EndProject
Global
	GlobalSection(SolutionConfigurationPlatforms) = preSolution
		Debug|Any CPU = Debug|Any CPU
		Release|Any CPU = Release|Any CPU
	EndGlobalSection
	GlobalSection(ProjectConfigurationPlatforms) = postSolution
		{57F2C322-4B54-49C0-BE39-EA4E10111B50}.Debug|Any CPU.ActiveCfg = Debug|Any CPU
		{57F2C322-4B54-49C0-BE39-EA4E10111B50}.Debug|Any CPU.Build.0 = Debug|Any CPU
		{57F2C322-4B54-49C0-BE39-EA4E10111B50}.Release|Any CPU.ActiveCfg = Release|Any CPU
		{57F2C322-4B54-49C0-BE39-EA4E10111B50}.Release|Any CPU.Build.0 = Release|Any CPU
		{63CB16F6-AE63-4543-A20A-804537659682}.Debug|Any CPU.ActiveCfg = Debug|Any CPU
		{63CB16F6-AE63-4543-A20A-804537659682}.Debug|Any CPU.Build.0 = Debug|Any CPU
		{63CB16F6-AE63-4543-A20A-804537659682}.Release|Any CPU.ActiveCfg = Release|Any CPU
		{63CB16F6-AE63-4543-A20A-804537659682}.Release|Any CPU.Build.0 = Release|Any CPU
	EndGlobalSection
	GlobalSection(SolutionProperties) = preSolution
		HideSolutionNode = FALSE
	EndGlobalSection
	GlobalSection(ExtensibilityGlobals) = postSolution
		SolutionGuid = {C6476A4E-32E3-46DF-9688-CEDA6D933C09}
	EndGlobalSection
EndGlobal
